
Microsoft Visual Studio Solution File, Format Version 12.00
# Visual Studio Version 17
VisualStudioVersion = 17.8.34322.80
MinimumVisualStudioVersion = 10.0.40219.1
Project("{FAE04EC0-301F-11D3-BF4B-00C04F79EFBC}") = "BlazorApp", "BlazorApp\BlazorApp.csproj", "{B4A5A1BF-2508-4035-9CDE-5CDFC3779074}"
EndProject
Global
	GlobalSection(SolutionConfigurationPlatforms) = preSolution
		Debug|Any CPU = Debug|Any CPU
		Release|Any CPU = Release|Any CPU
	EndGlobalSection
	GlobalSection(ProjectConfigurationPlatforms) = postSolution
		{B4A5A1BF-2508-4035-9CDE-5CDFC3779074}.Debug|Any CPU.ActiveCfg = Debug|Any CPU
		{B4A5A1BF-2508-4035-9CDE-5CDFC3779074}.Debug|Any CPU.Build.0 = Debug|Any CPU
		{B4A5A1BF-2508-4035-9CDE-5CDFC3779074}.Release|Any CPU.ActiveCfg = Release|Any CPU
		{B4A5A1BF-2508-4035-9CDE-5CDFC3779074}.Release|Any CPU.Build.0 = Release|Any CPU
	EndGlobalSection
	GlobalSection(SolutionProperties) = preSolution
		HideSolutionNode = FALSE
	EndGlobalSection
	GlobalSection(ExtensibilityGlobals) = postSolution
		SolutionGuid = {C8D0E8DD-911E-4098-9C4C-930CBAAB863C}
	EndGlobalSection
EndGlobal
